
Microsoft Visual Studio Solution File, Format Version 12.00
# Visual Studio 2013
VisualStudioVersion = 12.0.21005.1
MinimumVisualStudioVersion = 10.0.40219.1
Project("{FAE04EC0-301F-11D3-BF4B-00C04F79EFBC}") = "Notification_Demo", "Notification_Demo\Notification_Demo.csproj", "{F24167E6-1F46-48F4-928D-AA435B4B02BB}"
EndProject
Global
	GlobalSection(SolutionConfigurationPlatforms) = preSolution
		Debug|Any CPU = Debug|Any CPU
		Release|Any CPU = Release|Any CPU
	EndGlobalSection
	GlobalSection(ProjectConfigurationPlatforms) = postSolution
		{F24167E6-1F46-48F4-928D-AA435B4B02BB}.Debug|Any CPU.ActiveCfg = Debug|Any CPU
		{F24167E6-1F46-48F4-928D-AA435B4B02BB}.Debug|Any CPU.Build.0 = Debug|Any CPU
		{F24167E6-1F46-48F4-928D-AA435B4B02BB}.Release|Any CPU.ActiveCfg = Release|Any CPU
		{F24167E6-1F46-48F4-928D-AA435B4B02BB}.Release|Any CPU.Build.0 = Release|Any CPU
	EndGlobalSection
	GlobalSection(SolutionProperties) = preSolution
		HideSolutionNode = FALSE
	EndGlobalSection
EndGlobal
